github.com/rohanthewiz/serr v0.4.2 h1:ltzF4HLhjMdNqBd7GhHj8Dw05O3/Yc+bQj5QFJhOmRM=
github.com/rohanthewiz/serr v0.4.2/go.mod h1:4LFlRtUd/2j5PXgWWE9ibW/fVlJSH1acBDwn2pDcIRc=
github.com/rohanthewiz/serr v1.0.0-rc.3 h1:SF6N1H6UEZItH++sw2ssvaf1bJvqONcrzGGLo/UuxNE=
github.com/rohanthewiz/serr v1.0.0-rc.3/go.mod h1:4LFlRtUd/2j5PXgWWE9ibW/fVlJSH1acBDwn2pDcIRc=
